Microsoft Visual Studio Solution File, Format Version 12.00
# Visual Studio Version 17
VisualStudioVersion = 17.5.2.0
MinimumVisualStudioVersion = 10.0.40219.1
Project("{FAE04EC0-301F-11D3-BF4B-00C04F79EFBC}") = "Dsw2026Ej8", "Dsw2026Ej8.csproj", "{7ECEC54A-8355-9EDD-638D-A129C63BA949}"
EndProject
Global
	GlobalSection(SolutionConfigurationPlatforms) = preSolution
		Debug|Any CPU = Debug|Any CPU
		Release|Any CPU = Release|Any CPU
	EndGlobalSection
	GlobalSection(ProjectConfigurationPlatforms) = postSolution
		{7ECEC54A-8355-9EDD-638D-A129C63BA949}.Debug|Any CPU.ActiveCfg = Debug|Any CPU
		{7ECEC54A-8355-9EDD-638D-A129C63BA949}.Debug|Any CPU.Build.0 = Debug|Any CPU
		{7ECEC54A-8355-9EDD-638D-A129C63BA949}.Release|Any CPU.ActiveCfg = Release|Any CPU
		{7ECEC54A-8355-9EDD-638D-A129C63BA949}.Release|Any CPU.Build.0 = Release|Any CPU
	EndGlobalSection
	GlobalSection(SolutionProperties) = preSolution
		HideSolutionNode = FALSE
	EndGlobalSection
	GlobalSection(ExtensibilityGlobals) = postSolution
		SolutionGuid = {10D283AC-08D1-4023-993D-151DDAA879D8}
	EndGlobalSection
EndGlobal
